
Microsoft Visual Studio Solution File, Format Version 12.00
# Visual Studio Version 17
VisualStudioVersion = 17.3.32901.215
MinimumVisualStudioVersion = 10.0.40219.1
Project("{2150E333-8FDC-42A3-9474-1A3956D46DE8}") = "Core", "Core", "{14F1E064-C08B-4C95-AF65-B34FE39FE9C7}"
EndProject
Project("{2150E333-8FDC-42A3-9474-1A3956D46DE8}") = "Infrastructure", "Infrastructure", "{E0EDEAED-CA72-41A5-BD86-56590708042E}"
EndProject
Project("{2150E333-8FDC-42A3-9474-1A3956D46DE8}") = "Presentation", "Presentation", "{A86D7AC1-F28E-46E2-A981-5FC7E22111AC}"
EndProject
Project("{FAE04EC0-301F-11D3-BF4B-00C04F79EFBC}") = "GiftShop.API", "GiftShop.API\GiftShop.API.csproj", "{89E0E514-4AD2-4C1B-AF12-AF542AB66E7A}"
EndProject
Project("{FAE04EC0-301F-11D3-BF4B-00C04F79EFBC}") = "GiftShop.Persistence", "GiftShop.Persistence\GiftShop.Persistence.csproj", "{6F584A0C-55B2-492E-9D2B-B6D495C96F57}"
EndProject
Project("{FAE04EC0-301F-11D3-BF4B-00C04F79EFBC}") = "GiftShop.Application", "GiftShop.Application\GiftShop.Application.csproj", "{1E4E3D30-93A5-4481-B46E-ADE392137C24}"
EndProject
Project("{FAE04EC0-301F-11D3-BF4B-00C04F79EFBC}") = "GiftShop.Domain", "GiftShop.Domain\GiftShop.Domain.csproj", "{55A5C472-BA83-4CFA-BED4-4F139AD9298A}"
EndProject
Global
	GlobalSection(SolutionConfigurationPlatforms) = preSolution
		Debug|Any CPU = Debug|Any CPU
		Release|Any CPU = Release|Any CPU
	EndGlobalSection
	GlobalSection(ProjectConfigurationPlatforms) = postSolution
		{89E0E514-4AD2-4C1B-AF12-AF542AB66E7A}.Debug|Any CPU.ActiveCfg = Debug|Any CPU
		{89E0E514-4AD2-4C1B-AF12-AF542AB66E7A}.Debug|Any CPU.Build.0 = Debug|Any CPU
		{89E0E514-4AD2-4C1B-AF12-AF542AB66E7A}.Release|Any CPU.ActiveCfg = Release|Any CPU
		{89E0E514-4AD2-4C1B-AF12-AF542AB66E7A}.Release|Any CPU.Build.0 = Release|Any CPU
		{6F584A0C-55B2-492E-9D2B-B6D495C96F57}.Debug|Any CPU.ActiveCfg = Debug|Any CPU
		{6F584A0C-55B2-492E-9D2B-B6D495C96F57}.Debug|Any CPU.Build.0 = Debug|Any CPU
		{6F584A0C-55B2-492E-9D2B-B6D495C96F57}.Release|Any CPU.ActiveCfg = Release|Any CPU
		{6F584A0C-55B2-492E-9D2B-B6D495C96F57}.Release|Any CPU.Build.0 = Release|Any CPU
		{1E4E3D30-93A5-4481-B46E-ADE392137C24}.Debug|Any CPU.ActiveCfg = Debug|Any CPU
		{1E4E3D30-93A5-4481-B46E-ADE392137C24}.Debug|Any CPU.Build.0 = Debug|Any CPU
		{1E4E3D30-93A5-4481-B46E-ADE392137C24}.Release|Any CPU.ActiveCfg = Release|Any CPU
		{1E4E3D30-93A5-4481-B46E-ADE392137C24}.Release|Any CPU.Build.0 = Release|Any CPU
		{55A5C472-BA83-4CFA-BED4-4F139AD9298A}.Debug|Any CPU.ActiveCfg = Debug|Any CPU
		{55A5C472-BA83-4CFA-BED4-4F139AD9298A}.Debug|Any CPU.Build.0 = Debug|Any CPU
		{55A5C472-BA83-4CFA-BED4-4F139AD9298A}.Release|Any CPU.ActiveCfg = Release|Any CPU
		{55A5C472-BA83-4CFA-BED4-4F139AD9298A}.Release|Any CPU.Build.0 = Release|Any CPU
	EndGlobalSection
	GlobalSection(SolutionProperties) = preSolution
		HideSolutionNode = FALSE
	EndGlobalSection
	GlobalSection(NestedProjects) = preSolution
		{89E0E514-4AD2-4C1B-AF12-AF542AB66E7A} = {A86D7AC1-F28E-46E2-A981-5FC7E22111AC}
		{6F584A0C-55B2-492E-9D2B-B6D495C96F57} = {E0EDEAED-CA72-41A5-BD86-56590708042E}
		{1E4E3D30-93A5-4481-B46E-ADE392137C24} = {14F1E064-C08B-4C95-AF65-B34FE39FE9C7}
		{55A5C472-BA83-4CFA-BED4-4F139AD9298A} = {14F1E064-C08B-4C95-AF65-B34FE39FE9C7}
	EndGlobalSection
	GlobalSection(ExtensibilityGlobals) = postSolution
		SolutionGuid = {3B49F829-AA4B-479F-B033-9490AE9A4CA0}
	EndGlobalSection
EndGlobal
